
Microsoft Visual Studio Solution File, Format Version 12.00
# Visual Studio Version 17
VisualStudioVersion = 17.5.002.0
MinimumVisualStudioVersion = 10.0.40219.1
Project("{9A19103F-16F7-4668-BE54-9A1E7A4F7556}") = "CiftSayilar", "CiftSayilar.csproj", "{6A226A86-FF62-46A8-AD81-72B16F0E54C7}"
EndProject
Project("{FAE04EC0-301F-11D3-BF4B-00C04F79EFBC}") = "TamBolen", "..\TamBolen\TamBolen.csproj", "{1685D9EC-1AE6-4EE9-A877-8761ADE3B819}"
EndProject
Project("{FAE04EC0-301F-11D3-BF4B-00C04F79EFBC}") = "KelimeYazdir", "..\KelimeYazdir\KelimeYazdir.csproj", "{097B8763-58FE-47FC-9435-FDF5E69E4A77}"
EndProject
Project("{FAE04EC0-301F-11D3-BF4B-00C04F79EFBC}") = "CümleKelimeSayaci", "..\CümleKelimeSayaci\CümleKelimeSayaci.csproj", "{C9FBC120-B8C2-46B3-A975-3699EC0DA1B6}"
EndProject
Project("{FAE04EC0-301F-11D3-BF4B-00C04F79EFBC}") = "DateTime and Math", "..\DateTime and Math\DateTime and Math.csproj", "{D1217A19-8A16-4491-82FF-AAF19DF0CB97}"
EndProject
Global
	GlobalSection(SolutionConfigurationPlatforms) = preSolution
		Debug|Any CPU = Debug|Any CPU
		Release|Any CPU = Release|Any CPU
	EndGlobalSection
	GlobalSection(ProjectConfigurationPlatforms) = postSolution
		{6A226A86-FF62-46A8-AD81-72B16F0E54C7}.Debug|Any CPU.ActiveCfg = Debug|Any CPU
		{6A226A86-FF62-46A8-AD81-72B16F0E54C7}.Debug|Any CPU.Build.0 = Debug|Any CPU
		{6A226A86-FF62-46A8-AD81-72B16F0E54C7}.Release|Any CPU.ActiveCfg = Release|Any CPU
		{6A226A86-FF62-46A8-AD81-72B16F0E54C7}.Release|Any CPU.Build.0 = Release|Any CPU
		{1685D9EC-1AE6-4EE9-A877-8761ADE3B819}.Debug|Any CPU.ActiveCfg = Debug|Any CPU
		{1685D9EC-1AE6-4EE9-A877-8761ADE3B819}.Debug|Any CPU.Build.0 = Debug|Any CPU
		{1685D9EC-1AE6-4EE9-A877-8761ADE3B819}.Release|Any CPU.ActiveCfg = Release|Any CPU
		{1685D9EC-1AE6-4EE9-A877-8761ADE3B819}.Release|Any CPU.Build.0 = Release|Any CPU
		{097B8763-58FE-47FC-9435-FDF5E69E4A77}.Debug|Any CPU.ActiveCfg = Debug|Any CPU
		{097B8763-58FE-47FC-9435-FDF5E69E4A77}.Debug|Any CPU.Build.0 = Debug|Any CPU
		{097B8763-58FE-47FC-9435-FDF5E69E4A77}.Release|Any CPU.ActiveCfg = Release|Any CPU
		{097B8763-58FE-47FC-9435-FDF5E69E4A77}.Release|Any CPU.Build.0 = Release|Any CPU
		{C9FBC120-B8C2-46B3-A975-3699EC0DA1B6}.Debug|Any CPU.ActiveCfg = Debug|Any CPU
		{C9FBC120-B8C2-46B3-A975-3699EC0DA1B6}.Debug|Any CPU.Build.0 = Debug|Any CPU
		{C9FBC120-B8C2-46B3-A975-3699EC0DA1B6}.Release|Any CPU.ActiveCfg = Release|Any CPU
		{C9FBC120-B8C2-46B3-A975-3699EC0DA1B6}.Release|Any CPU.Build.0 = Release|Any CPU
		{D1217A19-8A16-4491-82FF-AAF19DF0CB97}.Debug|Any CPU.ActiveCfg = Debug|Any CPU
		{D1217A19-8A16-4491-82FF-AAF19DF0CB97}.Debug|Any CPU.Build.0 = Debug|Any CPU
		{D1217A19-8A16-4491-82FF-AAF19DF0CB97}.Release|Any CPU.ActiveCfg = Release|Any CPU
		{D1217A19-8A16-4491-82FF-AAF19DF0CB97}.Release|Any CPU.Build.0 = Release|Any CPU
	EndGlobalSection
	GlobalSection(SolutionProperties) = preSolution
		HideSolutionNode = FALSE
	EndGlobalSection
	GlobalSection(ExtensibilityGlobals) = postSolution
		SolutionGuid = {0DB666F3-4317-4DED-82B4-D82D02C5DA36}
	EndGlobalSection
EndGlobal
